// !$*UTF8*$!
{
	archiveVersion = 1;
	classes = {
	};
	objectVersion = 50;
	objects = {

/* Begin PBXBuildFile section */
		2BD5FAEE21960D660082790A /* AppDelegate.swift in Sources */ = {isa = PBXBuildFile; fileRef = 2BD5FAED21960D660082790A /* AppDelegate.swift */; };
		2BD5FAF021960D660082790A /* ViewController.swift in Sources */ = {isa = PBXBuildFile; fileRef = 2BD5FAEF21960D660082790A /* ViewController.swift */; };
		2BD5FAF321960D660082790A /* Main.storyboard in Resources */ = {isa = PBXBuildFile; fileRef = 2BD5FAF121960D660082790A /* Main.storyboard */; };
		2BD5FAF521960D680082790A /* Assets.xcassets in Resources */ = {isa = PBXBuildFile; fileRef = 2BD5FAF421960D680082790A /* Assets.xcassets */; };
		2BD5FAF821960D680082790A /* LaunchScreen.storyboard in Resources */ = {isa = PBXBuildFile; fileRef = 2BD5FAF621960D680082790A /* LaunchScreen.storyboard */; };
		2BD5FB0321960D680082790A /* ChordTests.swift in Sources */ = {isa = PBXBuildFile; fileRef = 2BD5FB0221960D680082790A /* ChordTests.swift */; };
		2BD5FB0E21960D680082790A /* ChordUITests.swift in Sources */ = {isa = PBXBuildFile; fileRef = 2BD5FB0D21960D680082790A /* ChordUITests.swift */; };
		2BD5FB3821960E310082790A /* Exec.swift in Sources */ = {isa = PBXBuildFile; fileRef = 2BD5FB3421960E310082790A /* Exec.swift */; };
		2BD5FB3921960E310082790A /* Finger.swift in Sources */ = {isa = PBXBuildFile; fileRef = 2BD5FB3521960E310082790A /* Finger.swift */; };
		2BD5FB3A21960E310082790A /* FingerTable.swift in Sources */ = {isa = PBXBuildFile; fileRef = 2BD5FB3621960E310082790A /* FingerTable.swift */; };
		2BD5FB3B21960E310082790A /* ChordNode.swift in Sources */ = {isa = PBXBuildFile; fileRef = 2BD5FB3721960E310082790A /* ChordNode.swift */; };
/* End PBXBuildFile section */

/* Begin PBXContainerItemProxy section */
		2BD5FAFF21960D680082790A /* PBXContainerItemProxy */ = {
			isa = PBXContainerItemProxy;
			containerPortal = 2BD5FAE221960D660082790A /* Project object */;
			proxyType = 1;
			remoteGlobalIDString = 2BD5FAE921960D660082790A;
			remoteInfo = Chord;
		};
		2BD5FB0A21960D680082790A /* PBXContainerItemProxy */ = {
			isa = PBXContainerItemProxy;
			containerPortal = 2BD5FAE221960D660082790A /* Project object */;
			proxyType = 1;
			remoteGlobalIDString = 2BD5FAE921960D660082790A;
			remoteInfo = Chord;
		};
/* End PBXContainerItemProxy section */

/* Begin PBXFileReference section */
		2BD5FAEA21960D660082790A /* Chord.app */ = {isa = PBXFileReference; explicitFileType = wrapper.application; includeInIndex = 0; path = Chord.app; sourceTree = BUILT_PRODUCTS_DIR; };
		2BD5FAED21960D660082790A /* AppDelegate.swift */ = {isa = PBXFileReference; lastKnownFileType = sourcecode.swift; path = AppDelegate.swift; sourceTree = "<group>"; };
		2BD5FAEF21960D660082790A /* ViewController.swift */ = {isa = PBXFileReference; lastKnownFileType = sourcecode.swift; path = ViewController.swift; sourceTree = "<group>"; };
		2BD5FAF221960D660082790A /* Base */ = {isa = PBXFileReference; lastKnownFileType = file.storyboard; name = Base; path = Base.lproj/Main.storyboard; sourceTree = "<group>"; };
		2BD5FAF421960D680082790A /* Assets.xcassets */ = {isa = PBXFileReference; lastKnownFileType = folder.assetcatalog; path = Assets.xcassets; sourceTree = "<group>"; };
		2BD5FAF721960D680082790A /* Base */ = {isa = PBXFileReference; lastKnownFileType = file.storyboard; name = Base; path = Base.lproj/LaunchScreen.storyboard; sourceTree = "<group>"; };
		2BD5FAF921960D680082790A /* Info.plist */ = {isa = PBXFileReference; lastKnownFileType = text.plist.xml; path = Info.plist; sourceTree = "<group>"; };
		2BD5FAFE21960D680082790A /* ChordTests.xctest */ = {isa = PBXFileReference; explicitFileType = wrapper.cfbundle; includeInIndex = 0; path = ChordTests.xctest; sourceTree = BUILT_PRODUCTS_DIR; };
		2BD5FB0221960D680082790A /* ChordTests.swift */ = {isa = PBXFileReference; lastKnownFileType = sourcecode.swift; path = ChordTests.swift; sourceTree = "<group>"; };
		2BD5FB0421960D680082790A /* Info.plist */ = {isa = PBXFileReference; lastKnownFileType = text.plist.xml; path = Info.plist; sourceTree = "<group>"; };
		2BD5FB0921960D680082790A /* ChordUITests.xctest */ = {isa = PBXFileReference; explicitFileType = wrapper.cfbundle; includeInIndex = 0; path = ChordUITests.xctest; sourceTree = BUILT_PRODUCTS_DIR; };
		2BD5FB0D21960D680082790A /* ChordUITests.swift */ = {isa = PBXFileReference; lastKnownFileType = sourcecode.swift; path = ChordUITests.swift; sourceTree = "<group>"; };
		2BD5FB0F21960D680082790A /* Info.plist */ = {isa = PBXFileReference; lastKnownFileType = text.plist.xml; path = Info.plist; sourceTree = "<group>"; };
		2BD5FB3421960E310082790A /* Exec.swift */ = {isa = PBXFileReference; fileEncoding = 4; lastKnownFileType = sourcecode.swift; path = Exec.swift; sourceTree = "<group>"; };
		2BD5FB3521960E310082790A /* Finger.swift */ = {isa = PBXFileReference; fileEncoding = 4; lastKnownFileType = sourcecode.swift; path = Finger.swift; sourceTree = "<group>"; };
		2BD5FB3621960E310082790A /* FingerTable.swift */ = {isa = PBXFileReference; fileEncoding = 4; lastKnownFileType = sourcecode.swift; path = FingerTable.swift; sourceTree = "<group>"; };
		2BD5FB3721960E310082790A /* ChordNode.swift */ = {isa = PBXFileReference; fileEncoding = 4; lastKnownFileType = sourcecode.swift; path = ChordNode.swift; sourceTree = "<group>"; };
/* End PBXFileReference section */

/* Begin PBXFrameworksBuildPhase section */
		2BD5FAE721960D660082790A /* Frameworks */ = {
			isa = PBXFrameworksBuildPhase;
			buildActionMask = 2147483647;
			files = (
			);
			runOnlyForDeploymentPostprocessing = 0;
		};
		2BD5FAFB21960D680082790A /* Frameworks */ = {
			isa = PBXFrameworksBuildPhase;
			buildActionMask = 2147483647;
			files = (
			);
			runOnlyForDeploymentPostprocessing = 0;
		};
		2BD5FB0621960D680082790A /* Frameworks */ = {
			isa = PBXFrameworksBuildPhase;
			buildActionMask = 2147483647;
			files = (
			);
			runOnlyForDeploymentPostprocessing = 0;
		};
/* End PBXFrameworksBuildPhase section */

/* Begin PBXGroup section */
		2BD5FAE121960D660082790A = {
			isa = PBXGroup;
			children = (
				2BD5FAEC21960D660082790A /* Chord */,
				2BD5FB0121960D680082790A /* ChordTests */,
				2BD5FB0C21960D680082790A /* ChordUITests */,
				2BD5FAEB21960D660082790A /* Products */,
			);
			sourceTree = "<group>";
		};
		2BD5FAEB21960D660082790A /* Products */ = {
			isa = PBXGroup;
			children = (
				2BD5FAEA21960D660082790A /* Chord.app */,
				2BD5FAFE21960D680082790A /* ChordTests.xctest */,
				2BD5FB0921960D680082790A /* ChordUITests.xctest */,
			);
			name = Products;
			sourceTree = "<group>";
		};
		2BD5FAEC21960D660082790A /* Chord */ = {
			isa = PBXGroup;
			children = (
				2BD5FB3321960E310082790A /* ChordSources */,
				2BD5FAED21960D660082790A /* AppDelegate.swift */,
				2BD5FAEF21960D660082790A /* ViewController.swift */,
				2BD5FAF121960D660082790A /* Main.storyboard */,
				2BD5FAF421960D680082790A /* Assets.xcassets */,
				2BD5FAF621960D680082790A /* LaunchScreen.storyboard */,
				2BD5FAF921960D680082790A /* Info.plist */,
			);
			path = Chord;
			sourceTree = "<group>";
		};
		2BD5FB0121960D680082790A /* ChordTests */ = {
			isa = PBXGroup;
			children = (
				2BD5FB0221960D680082790A /* ChordTests.swift */,
				2BD5FB0421960D680082790A /* Info.plist */,
			);
			path = ChordTests;
			sourceTree = "<group>";
		};
		2BD5FB0C21960D680082790A /* ChordUITests */ = {
			isa = PBXGroup;
			children = (
				2BD5FB0D21960D680082790A /* ChordUITests.swift */,
				2BD5FB0F21960D680082790A /* Info.plist */,
			);
			path = ChordUITests;
			sourceTree = "<group>";
		};
		2BD5FB3321960E310082790A /* ChordSources */ = {
			isa = PBXGroup;
			children = (
				2BD5FB3421960E310082790A /* Exec.swift */,
				2BD5FB3521960E310082790A /* Finger.swift */,
				2BD5FB3621960E310082790A /* FingerTable.swift */,
				2BD5FB3721960E310082790A /* ChordNode.swift */,
			);
			path = ChordSources;
			sourceTree = "<group>";
		};
/* End PBXGroup section */

/* Begin PBXNativeTarget section */
		2BD5FAE921960D660082790A /* Chord */ = {
			isa = PBXNativeTarget;
			buildConfigurationList = 2BD5FB1221960D680082790A /* Build configuration list for PBXNativeTarget "Chord" */;
			buildPhases = (
				2BD5FAE621960D660082790A /* Sources */,
				2BD5FAE721960D660082790A /* Frameworks */,
				2BD5FAE821960D660082790A /* Resources */,
			);
			buildRules = (
			);
			dependencies = (
			);
			name = Chord;
			productName = Chord;
			productReference = 2BD5FAEA21960D660082790A /* Chord.app */;
			productType = "com.apple.product-type.application";
		};
		2BD5FAFD21960D680082790A /* ChordTests */ = {
			isa = PBXNativeTarget;
			buildConfigurationList = 2BD5FB1521960D680082790A /* Build configuration list for PBXNativeTarget "ChordTests" */;
			buildPhases = (
				2BD5FAFA21960D680082790A /* Sources */,
				2BD5FAFB21960D680082790A /* Frameworks */,
				2BD5FAFC21960D680082790A /* Resources */,
			);
			buildRules = (
			);
			dependencies = (
				2BD5FB0021960D680082790A /* PBXTargetDependency */,
			);
			name = ChordTests;
			productName = ChordTests;
			productReference = 2BD5FAFE21960D680082790A /* ChordTests.xctest */;
			productType = "com.apple.product-type.bundle.unit-test";
		};
		2BD5FB0821960D680082790A /* ChordUITests */ = {
			isa = PBXNativeTarget;
			buildConfigurationList = 2BD5FB1821960D680082790A /* Build configuration list for PBXNativeTarget "ChordUITests" */;
			buildPhases = (
				2BD5FB0521960D680082790A /* Sources */,
				2BD5FB0621960D680082790A /* Frameworks */,
				2BD5FB0721960D680082790A /* Resources */,
			);
			buildRules = (
			);
			dependencies = (
				2BD5FB0B21960D680082790A /* PBXTargetDependency */,
			);
			name = ChordUITests;
			productName = ChordUITests;
			productReference = 2BD5FB0921960D680082790A /* ChordUITests.xctest */;
			productType = "com.apple.product-type.bundle.ui-testing";
		};
/* End PBXNativeTarget section */

/* Begin PBXProject section */
		2BD5FAE221960D660082790A /* Project object */ = {
			isa = PBXProject;
			attributes = {
				LastSwiftUpdateCheck = 1010;
				LastUpgradeCheck = 1010;
				ORGANIZATIONNAME = "Армен Алумян";
				TargetAttributes = {
					2BD5FAE921960D660082790A = {
						CreatedOnToolsVersion = 10.1;
					};
					2BD5FAFD21960D680082790A = {
						CreatedOnToolsVersion = 10.1;
						TestTargetID = 2BD5FAE921960D660082790A;
					};
					2BD5FB0821960D680082790A = {
						CreatedOnToolsVersion = 10.1;
						TestTargetID = 2BD5FAE921960D660082790A;
					};
				};
			};
			buildConfigurationList = 2BD5FAE521960D660082790A /* Build configuration list for PBXProject "Chord" */;
			compatibilityVersion = "Xcode 9.3";
			developmentRegion = en;
			hasScannedForEncodings = 0;
			knownRegions = (
				en,
				Base,
			);
			mainGroup = 2BD5FAE121960D660082790A;
			productRefGroup = 2BD5FAEB21960D660082790A /* Products */;
			projectDirPath = "";
			projectRoot = "";
			targets = (
				2BD5FAE921960D660082790A /* Chord */,
				2BD5FAFD21960D680082790A /* ChordTests */,
				2BD5FB0821960D680082790A /* ChordUITests */,
			);
		};
/* End PBXProject section */

/* Begin PBXResourcesBuildPhase section */
		2BD5FAE821960D660082790A /* Resources */ = {
			isa = PBXResourcesBuildPhase;
			buildActionMask = 2147483647;
			files = (
				2BD5FAF821960D680082790A /* LaunchScreen.storyboard in Resources */,
				2BD5FAF521960D680082790A /* Assets.xcassets in Resources */,
				2BD5FAF321960D660082790A /* Main.storyboard in Resources */,
			);
			runOnlyForDeploymentPostprocessing = 0;
		};
		2BD5FAFC21960D680082790A /* Resources */ = {
			isa = PBXResourcesBuildPhase;
			buildActionMask = 2147483647;
			files = (
			);
			runOnlyForDeploymentPostprocessing = 0;
		};
		2BD5FB0721960D680082790A /* Resources */ = {
			isa = PBXResourcesBuildPhase;
			buildActionMask = 2147483647;
			files = (
			);
			runOnlyForDeploymentPostprocessing = 0;
		};
/* End PBXResourcesBuildPhase section */

/* Begin PBXSourcesBuildPhase section */
		2BD5FAE621960D660082790A /* Sources */ = {
			isa = PBXSourcesBuildPhase;
			buildActionMask = 2147483647;
			files = (
				2BD5FAF021960D660082790A /* ViewController.swift in Sources */,
				2BD5FAEE21960D660082790A /* AppDelegate.swift in Sources */,
				2BD5FB3A21960E310082790A /* FingerTable.swift in Sources */,
				2BD5FB3921960E310082790A /* Finger.swift in Sources */,
				2BD5FB3B21960E310082790A /* ChordNode.swift in Sources */,
				2BD5FB3821960E310082790A /* Exec.swift in Sources */,
			);
			runOnlyForDeploymentPostprocessing = 0;
		};
		2BD5FAFA21960D680082790A /* Sources */ = {
			isa = PBXSourcesBuildPhase;
			buildActionMask = 2147483647;
			files = (
				2BD5FB0321960D680082790A /* ChordTests.swift in Sources */,
			);
			runOnlyForDeploymentPostprocessing = 0;
		};
		2BD5FB0521960D680082790A /* Sources */ = {
			isa = PBXSourcesBuildPhase;
			buildActionMask = 2147483647;
			files = (
				2BD5FB0E21960D680082790A /* ChordUITests.swift in Sources */,
			);
			runOnlyForDeploymentPostprocessing = 0;
		};
/* End PBXSourcesBuildPhase section */

/* Begin PBXTargetDependency section */
		2BD5FB0021960D680082790A /* PBXTargetDependency */ = {
			isa = PBXTargetDependency;
			target = 2BD5FAE921960D660082790A /* Chord */;
			targetProxy = 2BD5FAFF21960D680082790A /* PBXContainerItemProxy */;
		};
		2BD5FB0B21960D680082790A /* PBXTargetDependency */ = {
			isa = PBXTargetDependency;
			target = 2BD5FAE921960D660082790A /* Chord */;
			targetProxy = 2BD5FB0A21960D680082790A /* PBXContainerItemProxy */;
		};
/* End PBXTargetDependency section */

/* Begin PBXVariantGroup section */
		2BD5FAF121960D660082790A /* Main.storyboard */ = {
			isa = PBXVariantGroup;
			children = (
				2BD5FAF221960D660082790A /* Base */,
			);
			name = Main.storyboard;
			sourceTree = "<group>";
		};
		2BD5FAF621960D680082790A /* LaunchScreen.storyboard */ = {
			isa = PBXVariantGroup;
			children = (
				2BD5FAF721960D680082790A /* Base */,
			);
			name = LaunchScreen.storyboard;
			sourceTree = "<group>";
		};
/* End PBXVariantGroup section */

/* Begin XCBuildConfiguration section */
		2BD5FB1021960D680082790A /* Debug */ = {
			isa = XCBuildConfiguration;
			buildSettings = {
				ALWAYS_SEARCH_USER_PATHS = NO;
				CLANG_ANALYZER_NONNULL = YES;
				CLANG_ANALYZER_NUMBER_OBJECT_CONVERSION = YES_AGGRESSIVE;
				CLANG_CXX_LANGUAGE_STANDARD = "gnu++14";
				CLANG_CXX_LIBRARY = "libc++";
				CLANG_ENABLE_MODULES = YES;
				CLANG_ENABLE_OBJC_ARC = YES;
				CLANG_ENABLE_OBJC_WEAK = YES;
				CLANG_WARN_BLOCK_CAPTURE_AUTORELEASING = YES;
				CLANG_WARN_BOOL_CONVERSION = YES;
				CLANG_WARN_COMMA = YES;
				CLANG_WARN_CONSTANT_CONVERSION = YES;
				CLANG_WARN_DEPRECATED_OBJC_IMPLEMENTATIONS = YES;
				CLANG_WARN_DIRECT_OBJC_ISA_USAGE = YES_ERROR;
				CLANG_WARN_DOCUMENTATION_COMMENTS = YES;
				CLANG_WARN_EMPTY_BODY = YES;
				CLANG_WARN_ENUM_CONVERSION = YES;
				CLANG_WARN_INFINITE_RECURSION = YES;
				CLANG_WARN_INT_CONVERSION = YES;
				CLANG_WARN_NON_LITERAL_NULL_CONVERSION = YES;
				CLANG_WARN_OBJC_IMPLICIT_RETAIN_SELF = YES;
				CLANG_WARN_OBJC_LITERAL_CONVERSION = YES;
				CLANG_WARN_OBJC_ROOT_CLASS = YES_ERROR;
				CLANG_WARN_RANGE_LOOP_ANALYSIS = YES;
				CLANG_WARN_STRICT_PROTOTYPES = YES;
				CLANG_WARN_SUSPICIOUS_MOVE = YES;
				CLANG_WARN_UNGUARDED_AVAILABILITY = YES_AGGRESSIVE;
				CLANG_WARN_UNREACHABLE_CODE = YES;
				CLANG_WARN__DUPLICATE_METHOD_MATCH = YES;
				CODE_SIGN_IDENTITY = "iPhone Developer";
				COPY_PHASE_STRIP = NO;
				DEBUG_INFORMATION_FORMAT = dwarf;
				ENABLE_STRICT_OBJC_MSGSEND = YES;
				ENABLE_TESTABILITY = YES;
				GCC_C_LANGUAGE_STANDARD = gnu11;
				GCC_DYNAMIC_NO_PIC = NO;
				GCC_NO_COMMON_BLOCKS = YES;
				GCC_OPTIMIZATION_LEVEL = 0;
				GCC_PREPROCESSOR_DEFINITIONS = (
					"DEBUG=1",
					"$(inherited)",
				);
				GCC_WARN_64_TO_32_BIT_CONVERSION = YES;
				GCC_WARN_ABOUT_RETURN_TYPE = YES_ERROR;
				GCC_WARN_UNDECLARED_SELECTOR = YES;
				GCC_WARN_UNINITIALIZED_AUTOS = YES_AGGRESSIVE;
				GCC_WARN_UNUSED_FUNCTION = YES;
				GCC_WARN_UNUSED_VARIABLE = YES;
				IPHONEOS_DEPLOYMENT_TARGET = 12.1;
				MTL_ENABLE_DEBUG_INFO = INCLUDE_SOURCE;
				MTL_FAST_MATH = YES;
				ONLY_ACTIVE_ARCH = YES;
				SDKROOT = iphoneos;
				SWIFT_ACTIVE_COMPILATION_CONDITIONS = DEBUG;
				SWIFT_OPTIMIZATION_LEVEL = "-Onone";
			};
			name = Debug;
		};
		2BD5FB1121960D680082790A /* Release */ = {
			isa = XCBuildConfiguration;
			buildSettings = {
				ALWAYS_SEARCH_USER_PATHS = NO;
				CLANG_ANALYZER_NONNULL = YES;
				CLANG_ANALYZER_NUMBER_OBJECT_CONVERSION = YES_AGGRESSIVE;
				CLANG_CXX_LANGUAGE_STANDARD = "gnu++14";
				CLANG_CXX_LIBRARY = "libc++";
				CLANG_ENABLE_MODULES = YES;
				CLANG_ENABLE_OBJC_ARC = YES;
				CLANG_ENABLE_OBJC_WEAK = YES;
				CLANG_WARN_BLOCK_CAPTURE_AUTORELEASING = YES;
				CLANG_WARN_BOOL_CONVERSION = YES;
				CLANG_WARN_COMMA = YES;
				CLANG_WARN_CONSTANT_CONVERSION = YES;
				CLANG_WARN_DEPRECATED_OBJC_IMPLEMENTATIONS = YES;
				CLANG_WARN_DIRECT_OBJC_ISA_USAGE = YES_ERROR;
				CLANG_WARN_DOCUMENTATION_COMMENTS = YES;
				CLANG_WARN_EMPTY_BODY = YES;
				CLANG_WARN_ENUM_CONVERSION = YES;
				CLANG_WARN_INFINITE_RECURSION = YES;
				CLANG_WARN_INT_CONVERSION = YES;
				CLANG_WARN_NON_LITERAL_NULL_CONVERSION = YES;
				CLANG_WARN_OBJC_IMPLICIT_RETAIN_SELF = YES;
				CLANG_WARN_OBJC_LITERAL_CONVERSION = YES;
				CLANG_WARN_OBJC_ROOT_CLASS = YES_ERROR;
				CLANG_WARN_RANGE_LOOP_ANALYSIS = YES;
				CLANG_WARN_STRICT_PROTOTYPES = YES;
				CLANG_WARN_SUSPICIOUS_MOVE = YES;
				CLANG_WARN_UNGUARDED_AVAILABILITY = YES_AGGRESSIVE;
				CLANG_WARN_UNREACHABLE_CODE = YES;
				CLANG_WARN__DUPLICATE_METHOD_MATCH = YES;
				CODE_SIGN_IDENTITY = "iPhone Developer";
				COPY_PHASE_STRIP = NO;
				DEBUG_INFORMATION_FORMAT = "dwarf-with-dsym";
				ENABLE_NS_ASSERTIONS = NO;
				ENABLE_STRICT_OBJC_MSGSEND = YES;
				GCC_C_LANGUAGE_STANDARD = gnu11;
				GCC_NO_COMMON_BLOCKS = YES;
				GCC_WARN_64_TO_32_BIT_CONVERSION = YES;
				GCC_WARN_ABOUT_RETURN_TYPE = YES_ERROR;
				GCC_WARN_UNDECLARED_SELECTOR = YES;
				GCC_WARN_UNINITIALIZED_AUTOS = YES_AGGRESSIVE;
				GCC_WARN_UNUSED_FUNCTION = YES;
				GCC_WARN_UNUSED_VARIABLE = YES;
				IPHONEOS_DEPLOYMENT_TARGET = 12.1;
				MTL_ENABLE_DEBUG_INFO = NO;
				MTL_FAST_MATH = YES;
				SDKROOT = iphoneos;
				SWIFT_COMPILATION_MODE = wholemodule;
				SWIFT_OPTIMIZATION_LEVEL = "-O";
				VALIDATE_PRODUCT = YES;
			};
			name = Release;
		};
		2BD5FB1321960D680082790A /* Debug */ = {
			isa = XCBuildConfiguration;
			buildSettings = {
				ASSETCATALOG_COMPILER_APPICON_NAME = AppIcon;
				CODE_SIGN_STYLE = Automatic;
				DEVELOPMENT_TEAM = 7TN2X6PKDN;
				INFOPLIST_FILE = Chord/Info.plist;
				LD_RUNPATH_SEARCH_PATHS = (
					"$(inherited)",
					"@executable_path/Frameworks",
				);
				PRODUCT_BUNDLE_IDENTIFIER = AA.Chord;
				PRODUCT_NAME = "$(TARGET_NAME)";
				SWIFT_VERSION = 4.2;
				TARGETED_DEVICE_FAMILY = "1,2";
			};
			name = Debug;
		};
		2BD5FB1421960D680082790A /* Release */ = {
			isa = XCBuildConfiguration;
			buildSettings = {
				ASSETCATALOG_COMPILER_APPICON_NAME = AppIcon;
				CODE_SIGN_STYLE = Automatic;
				DEVELOPMENT_TEAM = 7TN2X6PKDN;
				INFOPLIST_FILE = Chord/Info.plist;
				LD_RUNPATH_SEARCH_PATHS = (
					"$(inherited)",
					"@executable_path/Frameworks",
				);
				PRODUCT_BUNDLE_IDENTIFIER = AA.Chord;
				PRODUCT_NAME = "$(TARGET_NAME)";
				SWIFT_VERSION = 4.2;
				TARGETED_DEVICE_FAMILY = "1,2";
			};
			name = Release;
		};
		2BD5FB1621960D680082790A /* Debug */ = {
			isa = XCBuildConfiguration;
			buildSettings = {
				ALWAYS_EMBED_SWIFT_STANDARD_LIBRARIES = YES;
				BUNDLE_LOADER = "$(TEST_HOST)";
				CODE_SIGN_STYLE = Automatic;
				INFOPLIST_FILE = ChordTests/Info.plist;
				LD_RUNPATH_SEARCH_PATHS = (
					"$(inherited)",
					"@executable_path/Frameworks",
					"@loader_path/Frameworks",
				);
				PRODUCT_BUNDLE_IDENTIFIER = AA.ChordTests;
				PRODUCT_NAME = "$(TARGET_NAME)";
				SWIFT_VERSION = 4.2;
				TARGETED_DEVICE_FAMILY = "1,2";
				TEST_HOST = "$(BUILT_PRODUCTS_DIR)/Chord.app/Chord";
			};
			name = Debug;
		};
		2BD5FB1721960D680082790A /* Release */ = {
			isa = XCBuildConfiguration;
			buildSettings = {
				ALWAYS_EMBED_SWIFT_STANDARD_LIBRARIES = YES;
				BUNDLE_LOADER = "$(TEST_HOST)";
				CODE_SIGN_STYLE = Automatic;
				INFOPLIST_FILE = ChordTests/Info.plist;
				LD_RUNPATH_SEARCH_PATHS = (
					"$(inherited)",
					"@executable_path/Frameworks",
					"@loader_path/Frameworks",
				);
				PRODUCT_BUNDLE_IDENTIFIER = AA.ChordTests;
				PRODUCT_NAME = "$(TARGET_NAME)";
				SWIFT_VERSION = 4.2;
				TARGETED_DEVICE_FAMILY = "1,2";
				TEST_HOST = "$(BUILT_PRODUCTS_DIR)/Chord.app/Chord";
			};
			name = Release;
		};
		2BD5FB1921960D680082790A /* Debug */ = {
			isa = XCBuildConfiguration;
			buildSettings = {
				ALWAYS_EMBED_SWIFT_STANDARD_LIBRARIES = YES;
				CODE_SIGN_STYLE = Automatic;
				INFOPLIST_FILE = ChordUITests/Info.plist;
				LD_RUNPATH_SEARCH_PATHS = (
					"$(inherited)",
					"@executable_path/Frameworks",
					"@loader_path/Frameworks",
				);
				PRODUCT_BUNDLE_IDENTIFIER = AA.ChordUITests;
				PRODUCT_NAME = "$(TARGET_NAME)";
				SWIFT_VERSION = 4.2;
				TARGETED_DEVICE_FAMILY = "1,2";
				TEST_TARGET_NAME = Chord;
			};
			name = Debug;
		};
		2BD5FB1A21960D680082790A /* Release */ = {
			isa = XCBuildConfiguration;
			buildSettings = {
				ALWAYS_EMBED_SWIFT_STANDARD_LIBRARIES = YES;
				CODE_SIGN_STYLE = Automatic;
				INFOPLIST_FILE = ChordUITests/Info.plist;
				LD_RUNPATH_SEARCH_PATHS = (
					"$(inherited)",
					"@executable_path/Frameworks",
					"@loader_path/Frameworks",
				);
				PRODUCT_BUNDLE_IDENTIFIER = AA.ChordUITests;
				PRODUCT_NAME = "$(TARGET_NAME)";
				SWIFT_VERSION = 4.2;
				TARGETED_DEVICE_FAMILY = "1,2";
				TEST_TARGET_NAME = Chord;
			};
			name = Release;
		};
/* End XCBuildConfiguration section */

/* Begin XCConfigurationList section */
		2BD5FAE521960D660082790A /* Build configuration list for PBXProject "Chord" */ = {
			isa = XCConfigurationList;
			buildConfigurations = (
				2BD5FB1021960D680082790A /* Debug */,
				2BD5FB1121960D680082790A /* Release */,
			);
			defaultConfigurationIsVisible = 0;
			defaultConfigurationName = Release;
		};
		2BD5FB1221960D680082790A /* Build configuration list for PBXNativeTarget "Chord" */ = {
			isa = XCConfigurationList;
			buildConfigurations = (
				2BD5FB1321960D680082790A /* Debug */,
				2BD5FB1421960D680082790A /* Release */,
			);
			defaultConfigurationIsVisible = 0;
			defaultConfigurationName = Release;
		};
		2BD5FB1521960D680082790A /* Build configuration list for PBXNativeTarget "ChordTests" */ = {
			isa = XCConfigurationList;
			buildConfigurations = (
				2BD5FB1621960D680082790A /* Debug */,
				2BD5FB1721960D680082790A /* Release */,
			);
			defaultConfigurationIsVisible = 0;
			defaultConfigurationName = Release;
		};
		2BD5FB1821960D680082790A /* Build configuration list for PBXNativeTarget "ChordUITests" */ = {
			isa = XCConfigurationList;
			buildConfigurations = (
				2BD5FB1921960D680082790A /* Debug */,
				2BD5FB1A21960D680082790A /* Release */,
			);
			defaultConfigurationIsVisible = 0;
			defaultConfigurationName = Release;
		};
/* End XCConfigurationList section */
	};
	rootObject = 2BD5FAE221960D660082790A /* Project object */;
}
